
Microsoft Visual Studio Solution File, Format Version 12.00
# Visual Studio 15
VisualStudioVersion = 15.0.27703.2000
MinimumVisualStudioVersion = 10.0.40219.1
Project("{9A19103F-16F7-4668-BE54-9A1E7A4F7556}") = "NetCoreAngular6", "NetCoreAngular6.csproj", "{74D098F6-DF3A-4B17-A491-153EFA1911AA}"
EndProject
Global
	GlobalSection(SolutionConfigurationPlatforms) = preSolution
		Debug|Any CPU = Debug|Any CPU
		Release|Any CPU = Release|Any CPU
	EndGlobalSection
	GlobalSection(ProjectConfigurationPlatforms) = postSolution
		{74D098F6-DF3A-4B17-A491-153EFA1911AA}.Debug|Any CPU.ActiveCfg = Debug|Any CPU
		{74D098F6-DF3A-4B17-A491-153EFA1911AA}.Debug|Any CPU.Build.0 = Debug|Any CPU
		{74D098F6-DF3A-4B17-A491-153EFA1911AA}.Release|Any CPU.ActiveCfg = Release|Any CPU
		{74D098F6-DF3A-4B17-A491-153EFA1911AA}.Release|Any CPU.Build.0 = Release|Any CPU
	EndGlobalSection
	GlobalSection(SolutionProperties) = preSolution
		HideSolutionNode = FALSE
	EndGlobalSection
	GlobalSection(ExtensibilityGlobals) = postSolution
		SolutionGuid = {B67C416D-2362-4F54-8803-111FFB35E50D}
	EndGlobalSection
EndGlobal
