
Microsoft Visual Studio Solution File, Format Version 12.00
# Visual Studio 14
VisualStudioVersion = 14.0.23107.0
MinimumVisualStudioVersion = 10.0.40219.1
Project("{FAE04EC0-301F-11D3-BF4B-00C04F79EFBC}") = "Formatter", "Formatter\Formatter.csproj", "{DAA0B2C9-7AE5-411C-8D4B-B48B404AA16C}"
EndProject
Global
	GlobalSection(SolutionConfigurationPlatforms) = preSolution
		Debug|Any CPU = Debug|Any CPU
		Release|Any CPU = Release|Any CPU
	EndGlobalSection
	GlobalSection(ProjectConfigurationPlatforms) = postSolution
		{DAA0B2C9-7AE5-411C-8D4B-B48B404AA16C}.Debug|Any CPU.ActiveCfg = Debug|Any CPU
		{DAA0B2C9-7AE5-411C-8D4B-B48B404AA16C}.Debug|Any CPU.Build.0 = Debug|Any CPU
		{DAA0B2C9-7AE5-411C-8D4B-B48B404AA16C}.Release|Any CPU.ActiveCfg = Release|Any CPU
		{DAA0B2C9-7AE5-411C-8D4B-B48B404AA16C}.Release|Any CPU.Build.0 = Release|Any CPU
	EndGlobalSection
	GlobalSection(SolutionProperties) = preSolution
		HideSolutionNode = FALSE
	EndGlobalSection
EndGlobal
